
Microsoft Visual Studio Solution File, Format Version 12.00
Project("{2150E333-8FDC-42A3-9474-1A3956D46DE8}") = "Core", "Core", "{0BDAD3AA-A84A-4972-9593-6F06C8CEC876}"
EndProject
Project("{2150E333-8FDC-42A3-9474-1A3956D46DE8}") = "Infrastructure", "Infrastructure", "{D87BE271-43EF-4186-A45C-1405EDF2902F}"
EndProject
Project("{2150E333-8FDC-42A3-9474-1A3956D46DE8}") = "Presentation", "Presentation", "{1FD7407A-B0F6-45A6-8D9D-F3B1B7FE557C}"
EndProject
Project("{2150E333-8FDC-42A3-9474-1A3956D46DE8}") = "Test", "Test", "{8A2FE14B-9560-41FB-A4C2-8E19934B85FB}"
EndProject
Project("{FAE04EC0-301F-11D3-BF4B-00C04F79EFBC}") = "PromoMash.Domain", "PromoMash.Domain\PromoMash.Domain.csproj", "{31736599-AA34-4D07-AE51-FAB89DB27B19}"
EndProject
Project("{FAE04EC0-301F-11D3-BF4B-00C04F79EFBC}") = "PromoMash.Application", "PromoMash.Application\PromoMash.Application.csproj", "{B82F54B0-E6E3-41AD-AA1E-ADD1C4F203A5}"
EndProject
Project("{FAE04EC0-301F-11D3-BF4B-00C04F79EFBC}") = "PromoMash.Persistence", "PromoMash.Persistence\PromoMash.Persistence.csproj", "{4F3A5362-A921-4B1C-91AD-9F56B8453121}"
EndProject
Project("{FAE04EC0-301F-11D3-BF4B-00C04F79EFBC}") = "PromoMash.UnitTest", "PromoMash.UnitTest\PromoMash.UnitTest.csproj", "{5FFBD074-F671-47A0-B255-9C82A0C58B94}"
EndProject
Project("{FAE04EC0-301F-11D3-BF4B-00C04F79EFBC}") = "PromoMash.WebApi", "PromoMash.WebApi\PromoMash.WebApi.csproj", "{C59DE7AB-9072-4B9B-90EA-D2ECF4C9E01C}"
EndProject
Global
	GlobalSection(SolutionConfigurationPlatforms) = preSolution
		Debug|Any CPU = Debug|Any CPU
		Release|Any CPU = Release|Any CPU
	EndGlobalSection
	GlobalSection(ProjectConfigurationPlatforms) = postSolution
		{31736599-AA34-4D07-AE51-FAB89DB27B19}.Debug|Any CPU.ActiveCfg = Debug|Any CPU
		{31736599-AA34-4D07-AE51-FAB89DB27B19}.Debug|Any CPU.Build.0 = Debug|Any CPU
		{31736599-AA34-4D07-AE51-FAB89DB27B19}.Release|Any CPU.ActiveCfg = Release|Any CPU
		{31736599-AA34-4D07-AE51-FAB89DB27B19}.Release|Any CPU.Build.0 = Release|Any CPU
		{B82F54B0-E6E3-41AD-AA1E-ADD1C4F203A5}.Debug|Any CPU.ActiveCfg = Debug|Any CPU
		{B82F54B0-E6E3-41AD-AA1E-ADD1C4F203A5}.Debug|Any CPU.Build.0 = Debug|Any CPU
		{B82F54B0-E6E3-41AD-AA1E-ADD1C4F203A5}.Release|Any CPU.ActiveCfg = Release|Any CPU
		{B82F54B0-E6E3-41AD-AA1E-ADD1C4F203A5}.Release|Any CPU.Build.0 = Release|Any CPU
		{4F3A5362-A921-4B1C-91AD-9F56B8453121}.Debug|Any CPU.ActiveCfg = Debug|Any CPU
		{4F3A5362-A921-4B1C-91AD-9F56B8453121}.Debug|Any CPU.Build.0 = Debug|Any CPU
		{4F3A5362-A921-4B1C-91AD-9F56B8453121}.Release|Any CPU.ActiveCfg = Release|Any CPU
		{4F3A5362-A921-4B1C-91AD-9F56B8453121}.Release|Any CPU.Build.0 = Release|Any CPU
		{5FFBD074-F671-47A0-B255-9C82A0C58B94}.Debug|Any CPU.ActiveCfg = Debug|Any CPU
		{5FFBD074-F671-47A0-B255-9C82A0C58B94}.Debug|Any CPU.Build.0 = Debug|Any CPU
		{5FFBD074-F671-47A0-B255-9C82A0C58B94}.Release|Any CPU.ActiveCfg = Release|Any CPU
		{5FFBD074-F671-47A0-B255-9C82A0C58B94}.Release|Any CPU.Build.0 = Release|Any CPU
		{C59DE7AB-9072-4B9B-90EA-D2ECF4C9E01C}.Debug|Any CPU.ActiveCfg = Debug|Any CPU
		{C59DE7AB-9072-4B9B-90EA-D2ECF4C9E01C}.Debug|Any CPU.Build.0 = Debug|Any CPU
		{C59DE7AB-9072-4B9B-90EA-D2ECF4C9E01C}.Release|Any CPU.ActiveCfg = Release|Any CPU
		{C59DE7AB-9072-4B9B-90EA-D2ECF4C9E01C}.Release|Any CPU.Build.0 = Release|Any CPU
	EndGlobalSection
	GlobalSection(NestedProjects) = preSolution
		{31736599-AA34-4D07-AE51-FAB89DB27B19} = {0BDAD3AA-A84A-4972-9593-6F06C8CEC876}
		{B82F54B0-E6E3-41AD-AA1E-ADD1C4F203A5} = {0BDAD3AA-A84A-4972-9593-6F06C8CEC876}
		{4F3A5362-A921-4B1C-91AD-9F56B8453121} = {D87BE271-43EF-4186-A45C-1405EDF2902F}
		{5FFBD074-F671-47A0-B255-9C82A0C58B94} = {8A2FE14B-9560-41FB-A4C2-8E19934B85FB}
		{C59DE7AB-9072-4B9B-90EA-D2ECF4C9E01C} = {1FD7407A-B0F6-45A6-8D9D-F3B1B7FE557C}
	EndGlobalSection
EndGlobal
